
Microsoft Visual Studio Solution File, Format Version 12.00
# Visual Studio 15
VisualStudioVersion = 15.0.28307.168
MinimumVisualStudioVersion = 10.0.40219.1
Project("{FAE04EC0-301F-11D3-BF4B-00C04F79EFBC}") = "SCARoundChecker.Android", "SCARoundChecker\SCARoundChecker.Android\SCARoundChecker.Android.csproj", "{A2EB7A8D-F585-4EA1-B382-FED00CF47AF7}"
EndProject
Project("{FAE04EC0-301F-11D3-BF4B-00C04F79EFBC}") = "SCARoundChecker.iOS", "SCARoundChecker\SCARoundChecker.iOS\SCARoundChecker.iOS.csproj", "{6B7B98BE-D8DA-4054-B182-726F635E879B}"
EndProject
Project("{FAE04EC0-301F-11D3-BF4B-00C04F79EFBC}") = "SCARoundChecker", "SCARoundChecker\SCARoundChecker\SCARoundChecker.csproj", "{B04616BD-2182-4B25-97F3-676C3B8A46DD}"
EndProject
Global
	GlobalSection(SolutionConfigurationPlatforms) = preSolution
		Ad-Hoc|Any CPU = Ad-Hoc|Any CPU
		Ad-Hoc|iPhone = Ad-Hoc|iPhone
		Ad-Hoc|iPhoneSimulator = Ad-Hoc|iPhoneSimulator
		AppStore|Any CPU = AppStore|Any CPU
		AppStore|iPhone = AppStore|iPhone
		AppStore|iPhoneSimulator = AppStore|iPhoneSimulator
		Debug|Any CPU = Debug|Any CPU
		Debug|iPhone = Debug|iPhone
		Debug|iPhoneSimulator = Debug|iPhoneSimulator
		Release|Any CPU = Release|Any CPU
		Release|iPhone = Release|iPhone
		Release|iPhoneSimulator = Release|iPhoneSimulator
	EndGlobalSection
	GlobalSection(ProjectConfigurationPlatforms) = postSolution
		{A2EB7A8D-F585-4EA1-B382-FED00CF47AF7}.Ad-Hoc|Any CPU.ActiveCfg = Release|Any CPU
		{A2EB7A8D-F585-4EA1-B382-FED00CF47AF7}.Ad-Hoc|Any CPU.Build.0 = Release|Any CPU
		{A2EB7A8D-F585-4EA1-B382-FED00CF47AF7}.Ad-Hoc|Any CPU.Deploy.0 = Release|Any CPU
		{A2EB7A8D-F585-4EA1-B382-FED00CF47AF7}.Ad-Hoc|iPhone.ActiveCfg = Release|Any CPU
		{A2EB7A8D-F585-4EA1-B382-FED00CF47AF7}.Ad-Hoc|iPhone.Build.0 = Release|Any CPU
		{A2EB7A8D-F585-4EA1-B382-FED00CF47AF7}.Ad-Hoc|iPhone.Deploy.0 = Release|Any CPU
		{A2EB7A8D-F585-4EA1-B382-FED00CF47AF7}.Ad-Hoc|iPhoneSimulator.ActiveCfg = Release|Any CPU
		{A2EB7A8D-F585-4EA1-B382-FED00CF47AF7}.Ad-Hoc|iPhoneSimulator.Build.0 = Release|Any CPU
		{A2EB7A8D-F585-4EA1-B382-FED00CF47AF7}.Ad-Hoc|iPhoneSimulator.Deploy.0 = Release|Any CPU
		{A2EB7A8D-F585-4EA1-B382-FED00CF47AF7}.AppStore|Any CPU.ActiveCfg = Release|Any CPU
		{A2EB7A8D-F585-4EA1-B382-FED00CF47AF7}.AppStore|Any CPU.Build.0 = Release|Any CPU
		{A2EB7A8D-F585-4EA1-B382-FED00CF47AF7}.AppStore|Any CPU.Deploy.0 = Release|Any CPU
		{A2EB7A8D-F585-4EA1-B382-FED00CF47AF7}.AppStore|iPhone.ActiveCfg = Release|Any CPU
		{A2EB7A8D-F585-4EA1-B382-FED00CF47AF7}.AppStore|iPhone.Build.0 = Release|Any CPU
		{A2EB7A8D-F585-4EA1-B382-FED00CF47AF7}.AppStore|iPhone.Deploy.0 = Release|Any CPU
		{A2EB7A8D-F585-4EA1-B382-FED00CF47AF7}.AppStore|iPhoneSimulator.ActiveCfg = Release|Any CPU
		{A2EB7A8D-F585-4EA1-B382-FED00CF47AF7}.AppStore|iPhoneSimulator.Build.0 = Release|Any CPU
		{A2EB7A8D-F585-4EA1-B382-FED00CF47AF7}.AppStore|iPhoneSimulator.Deploy.0 = Release|Any CPU
		{A2EB7A8D-F585-4EA1-B382-FED00CF47AF7}.Debug|Any CPU.ActiveCfg = Debug|Any CPU
		{A2EB7A8D-F585-4EA1-B382-FED00CF47AF7}.Debug|Any CPU.Build.0 = Debug|Any CPU
		{A2EB7A8D-F585-4EA1-B382-FED00CF47AF7}.Debug|Any CPU.Deploy.0 = Debug|Any CPU
		{A2EB7A8D-F585-4EA1-B382-FED00CF47AF7}.Debug|iPhone.ActiveCfg = Debug|Any CPU
		{A2EB7A8D-F585-4EA1-B382-FED00CF47AF7}.Debug|iPhone.Build.0 = Debug|Any CPU
		{A2EB7A8D-F585-4EA1-B382-FED00CF47AF7}.Debug|iPhone.Deploy.0 = Debug|Any CPU
		{A2EB7A8D-F585-4EA1-B382-FED00CF47AF7}.Debug|iPhoneSimulator.ActiveCfg = Debug|Any CPU
		{A2EB7A8D-F585-4EA1-B382-FED00CF47AF7}.Debug|iPhoneSimulator.Build.0 = Debug|Any CPU
		{A2EB7A8D-F585-4EA1-B382-FED00CF47AF7}.Debug|iPhoneSimulator.Deploy.0 = Debug|Any CPU
		{A2EB7A8D-F585-4EA1-B382-FED00CF47AF7}.Release|Any CPU.ActiveCfg = Release|Any CPU
		{A2EB7A8D-F585-4EA1-B382-FED00CF47AF7}.Release|Any CPU.Build.0 = Release|Any CPU
		{A2EB7A8D-F585-4EA1-B382-FED00CF47AF7}.Release|Any CPU.Deploy.0 = Release|Any CPU
		{A2EB7A8D-F585-4EA1-B382-FED00CF47AF7}.Release|iPhone.ActiveCfg = Release|Any CPU
		{A2EB7A8D-F585-4EA1-B382-FED00CF47AF7}.Release|iPhone.Build.0 = Release|Any CPU
		{A2EB7A8D-F585-4EA1-B382-FED00CF47AF7}.Release|iPhone.Deploy.0 = Release|Any CPU
		{A2EB7A8D-F585-4EA1-B382-FED00CF47AF7}.Release|iPhoneSimulator.ActiveCfg = Release|Any CPU
		{A2EB7A8D-F585-4EA1-B382-FED00CF47AF7}.Release|iPhoneSimulator.Build.0 = Release|Any CPU
		{A2EB7A8D-F585-4EA1-B382-FED00CF47AF7}.Release|iPhoneSimulator.Deploy.0 = Release|Any CPU
		{6B7B98BE-D8DA-4054-B182-726F635E879B}.Ad-Hoc|Any CPU.ActiveCfg = Ad-Hoc|iPhone
		{6B7B98BE-D8DA-4054-B182-726F635E879B}.Ad-Hoc|Any CPU.Build.0 = Ad-Hoc|iPhone
		{6B7B98BE-D8DA-4054-B182-726F635E879B}.Ad-Hoc|Any CPU.Deploy.0 = Ad-Hoc|iPhone
		{6B7B98BE-D8DA-4054-B182-726F635E879B}.Ad-Hoc|iPhone.ActiveCfg = Ad-Hoc|iPhone
		{6B7B98BE-D8DA-4054-B182-726F635E879B}.Ad-Hoc|iPhone.Build.0 = Ad-Hoc|iPhone
		{6B7B98BE-D8DA-4054-B182-726F635E879B}.Ad-Hoc|iPhone.Deploy.0 = Ad-Hoc|iPhone
		{6B7B98BE-D8DA-4054-B182-726F635E879B}.Ad-Hoc|iPhoneSimulator.ActiveCfg = Ad-Hoc|iPhoneSimulator
		{6B7B98BE-D8DA-4054-B182-726F635E879B}.Ad-Hoc|iPhoneSimulator.Build.0 = Ad-Hoc|iPhoneSimulator
		{6B7B98BE-D8DA-4054-B182-726F635E879B}.Ad-Hoc|iPhoneSimulator.Deploy.0 = Ad-Hoc|iPhoneSimulator
		{6B7B98BE-D8DA-4054-B182-726F635E879B}.AppStore|Any CPU.ActiveCfg = AppStore|iPhone
		{6B7B98BE-D8DA-4054-B182-726F635E879B}.AppStore|Any CPU.Build.0 = AppStore|iPhone
		{6B7B98BE-D8DA-4054-B182-726F635E879B}.AppStore|Any CPU.Deploy.0 = AppStore|iPhone
		{6B7B98BE-D8DA-4054-B182-726F635E879B}.AppStore|iPhone.ActiveCfg = AppStore|iPhone
		{6B7B98BE-D8DA-4054-B182-726F635E879B}.AppStore|iPhone.Build.0 = AppStore|iPhone
		{6B7B98BE-D8DA-4054-B182-726F635E879B}.AppStore|iPhone.Deploy.0 = AppStore|iPhone
		{6B7B98BE-D8DA-4054-B182-726F635E879B}.AppStore|iPhoneSimulator.ActiveCfg = AppStore|iPhoneSimulator
		{6B7B98BE-D8DA-4054-B182-726F635E879B}.AppStore|iPhoneSimulator.Build.0 = AppStore|iPhoneSimulator
		{6B7B98BE-D8DA-4054-B182-726F635E879B}.AppStore|iPhoneSimulator.Deploy.0 = AppStore|iPhoneSimulator
		{6B7B98BE-D8DA-4054-B182-726F635E879B}.Debug|Any CPU.ActiveCfg = Debug|iPhoneSimulator
		{6B7B98BE-D8DA-4054-B182-726F635E879B}.Debug|Any CPU.Build.0 = Debug|iPhoneSimulator
		{6B7B98BE-D8DA-4054-B182-726F635E879B}.Debug|Any CPU.Deploy.0 = Debug|iPhoneSimulator
		{6B7B98BE-D8DA-4054-B182-726F635E879B}.Debug|iPhone.ActiveCfg = Debug|iPhone
		{6B7B98BE-D8DA-4054-B182-726F635E879B}.Debug|iPhone.Build.0 = Debug|iPhone
		{6B7B98BE-D8DA-4054-B182-726F635E879B}.Debug|iPhone.Deploy.0 = Debug|iPhone
		{6B7B98BE-D8DA-4054-B182-726F635E879B}.Debug|iPhoneSimulator.ActiveCfg = Debug|iPhoneSimulator
		{6B7B98BE-D8DA-4054-B182-726F635E879B}.Debug|iPhoneSimulator.Build.0 = Debug|iPhoneSimulator
		{6B7B98BE-D8DA-4054-B182-726F635E879B}.Debug|iPhoneSimulator.Deploy.0 = Debug|iPhoneSimulator
		{6B7B98BE-D8DA-4054-B182-726F635E879B}.Release|Any CPU.ActiveCfg = Release|iPhone
		{6B7B98BE-D8DA-4054-B182-726F635E879B}.Release|Any CPU.Build.0 = Release|iPhone
		{6B7B98BE-D8DA-4054-B182-726F635E879B}.Release|Any CPU.Deploy.0 = Release|iPhone
		{6B7B98BE-D8DA-4054-B182-726F635E879B}.Release|iPhone.ActiveCfg = Release|iPhone
		{6B7B98BE-D8DA-4054-B182-726F635E879B}.Release|iPhone.Build.0 = Release|iPhone
		{6B7B98BE-D8DA-4054-B182-726F635E879B}.Release|iPhone.Deploy.0 = Release|iPhone
		{6B7B98BE-D8DA-4054-B182-726F635E879B}.Release|iPhoneSimulator.ActiveCfg = Release|iPhoneSimulator
		{6B7B98BE-D8DA-4054-B182-726F635E879B}.Release|iPhoneSimulator.Build.0 = Release|iPhoneSimulator
		{6B7B98BE-D8DA-4054-B182-726F635E879B}.Release|iPhoneSimulator.Deploy.0 = Release|iPhoneSimulator
		{B04616BD-2182-4B25-97F3-676C3B8A46DD}.Ad-Hoc|Any CPU.ActiveCfg = Debug|Any CPU
		{B04616BD-2182-4B25-97F3-676C3B8A46DD}.Ad-Hoc|Any CPU.Build.0 = Debug|Any CPU
		{B04616BD-2182-4B25-97F3-676C3B8A46DD}.Ad-Hoc|Any CPU.Deploy.0 = Debug|Any CPU
		{B04616BD-2182-4B25-97F3-676C3B8A46DD}.Ad-Hoc|iPhone.ActiveCfg = Debug|Any CPU
		{B04616BD-2182-4B25-97F3-676C3B8A46DD}.Ad-Hoc|iPhone.Build.0 = Debug|Any CPU
		{B04616BD-2182-4B25-97F3-676C3B8A46DD}.Ad-Hoc|iPhone.Deploy.0 = Debug|Any CPU
		{B04616BD-2182-4B25-97F3-676C3B8A46DD}.Ad-Hoc|iPhoneSimulator.ActiveCfg = Debug|Any CPU
		{B04616BD-2182-4B25-97F3-676C3B8A46DD}.Ad-Hoc|iPhoneSimulator.Build.0 = Debug|Any CPU
		{B04616BD-2182-4B25-97F3-676C3B8A46DD}.Ad-Hoc|iPhoneSimulator.Deploy.0 = Debug|Any CPU
		{B04616BD-2182-4B25-97F3-676C3B8A46DD}.AppStore|Any CPU.ActiveCfg = Debug|Any CPU
		{B04616BD-2182-4B25-97F3-676C3B8A46DD}.AppStore|Any CPU.Build.0 = Debug|Any CPU
		{B04616BD-2182-4B25-97F3-676C3B8A46DD}.AppStore|Any CPU.Deploy.0 = Debug|Any CPU
		{B04616BD-2182-4B25-97F3-676C3B8A46DD}.AppStore|iPhone.ActiveCfg = Debug|Any CPU
		{B04616BD-2182-4B25-97F3-676C3B8A46DD}.AppStore|iPhone.Build.0 = Debug|Any CPU
		{B04616BD-2182-4B25-97F3-676C3B8A46DD}.AppStore|iPhone.Deploy.0 = Debug|Any CPU
		{B04616BD-2182-4B25-97F3-676C3B8A46DD}.AppStore|iPhoneSimulator.ActiveCfg = Debug|Any CPU
		{B04616BD-2182-4B25-97F3-676C3B8A46DD}.AppStore|iPhoneSimulator.Build.0 = Debug|Any CPU
		{B04616BD-2182-4B25-97F3-676C3B8A46DD}.AppStore|iPhoneSimulator.Deploy.0 = Debug|Any CPU
		{B04616BD-2182-4B25-97F3-676C3B8A46DD}.Debug|Any CPU.ActiveCfg = Debug|Any CPU
		{B04616BD-2182-4B25-97F3-676C3B8A46DD}.Debug|Any CPU.Build.0 = Debug|Any CPU
		{B04616BD-2182-4B25-97F3-676C3B8A46DD}.Debug|Any CPU.Deploy.0 = Debug|Any CPU
		{B04616BD-2182-4B25-97F3-676C3B8A46DD}.Debug|iPhone.ActiveCfg = Debug|Any CPU
		{B04616BD-2182-4B25-97F3-676C3B8A46DD}.Debug|iPhone.Build.0 = Debug|Any CPU
		{B04616BD-2182-4B25-97F3-676C3B8A46DD}.Debug|iPhone.Deploy.0 = Debug|Any CPU
		{B04616BD-2182-4B25-97F3-676C3B8A46DD}.Debug|iPhoneSimulator.ActiveCfg = Debug|Any CPU
		{B04616BD-2182-4B25-97F3-676C3B8A46DD}.Debug|iPhoneSimulator.Build.0 = Debug|Any CPU
		{B04616BD-2182-4B25-97F3-676C3B8A46DD}.Debug|iPhoneSimulator.Deploy.0 = Debug|Any CPU
		{B04616BD-2182-4B25-97F3-676C3B8A46DD}.Release|Any CPU.ActiveCfg = Release|Any CPU
		{B04616BD-2182-4B25-97F3-676C3B8A46DD}.Release|Any CPU.Build.0 = Release|Any CPU
		{B04616BD-2182-4B25-97F3-676C3B8A46DD}.Release|Any CPU.Deploy.0 = Release|Any CPU
		{B04616BD-2182-4B25-97F3-676C3B8A46DD}.Release|iPhone.ActiveCfg = Release|Any CPU
		{B04616BD-2182-4B25-97F3-676C3B8A46DD}.Release|iPhone.Build.0 = Release|Any CPU
		{B04616BD-2182-4B25-97F3-676C3B8A46DD}.Release|iPhone.Deploy.0 = Release|Any CPU
		{B04616BD-2182-4B25-97F3-676C3B8A46DD}.Release|iPhoneSimulator.ActiveCfg = Release|Any CPU
		{B04616BD-2182-4B25-97F3-676C3B8A46DD}.Release|iPhoneSimulator.Build.0 = Release|Any CPU
		{B04616BD-2182-4B25-97F3-676C3B8A46DD}.Release|iPhoneSimulator.Deploy.0 = Release|Any CPU
	EndGlobalSection
	GlobalSection(SolutionProperties) = preSolution
		HideSolutionNode = FALSE
	EndGlobalSection
	GlobalSection(ExtensibilityGlobals) = postSolution
		SolutionGuid = {0E0E3053-FC29-48CE-9C60-AE7FE6AE6CFE}
	EndGlobalSection
EndGlobal
